
Microsoft Visual Studio Solution File, Format Version 12.00
# Visual Studio 14
VisualStudioVersion = 14.0.25420.1
MinimumVisualStudioVersion = 10.0.40219.1
Project("{2150E333-8FDC-42A3-9474-1A3956D46DE8}") = "src", "src", "{15BA6B09-6B43-4CD8-BDE0-7C96F8FD45D4}"
EndProject
Project("{2150E333-8FDC-42A3-9474-1A3956D46DE8}") = "Solution Items", "Solution Items", "{4282F19B-41C4-43EE-A1CE-C662A05FE5DA}"
	ProjectSection(SolutionItems) = preProject
		global.json = global.json
	EndProjectSection
EndProject
Project("{8BB2217D-0F2D-49D1-97BC-3654ED321F3B}") = "SonOfCod", "src\SonOfCod\SonOfCod.xproj", "{CD4816FB-4F88-428D-8021-AE74D170471F}"
EndProject
Global
	GlobalSection(SolutionConfigurationPlatforms) = preSolution
		Debug|Any CPU = Debug|Any CPU
		Release|Any CPU = Release|Any CPU
	EndGlobalSection
	GlobalSection(ProjectConfigurationPlatforms) = postSolution
		{CD4816FB-4F88-428D-8021-AE74D170471F}.Debug|Any CPU.ActiveCfg = Debug|Any CPU
		{CD4816FB-4F88-428D-8021-AE74D170471F}.Debug|Any CPU.Build.0 = Debug|Any CPU
		{CD4816FB-4F88-428D-8021-AE74D170471F}.Release|Any CPU.ActiveCfg = Release|Any CPU
		{CD4816FB-4F88-428D-8021-AE74D170471F}.Release|Any CPU.Build.0 = Release|Any CPU
	EndGlobalSection
	GlobalSection(SolutionProperties) = preSolution
		HideSolutionNode = FALSE
	EndGlobalSection
	GlobalSection(NestedProjects) = preSolution
		{CD4816FB-4F88-428D-8021-AE74D170471F} = {15BA6B09-6B43-4CD8-BDE0-7C96F8FD45D4}
	EndGlobalSection
EndGlobal
